
Microsoft Visual Studio Solution File, Format Version 12.00
# Visual Studio Version 17
VisualStudioVersion = 17.11.35208.52
MinimumVisualStudioVersion = 10.0.40219.1
Project("{FAE04EC0-301F-11D3-BF4B-00C04F79EFBC}") = "TwValidationCsharp", "TwValidationCsharp\TwValidationCsharp.csproj", "{80BF687A-76E4-418A-8579-B2B0E74C1C5D}"
EndProject
Project("{FAE04EC0-301F-11D3-BF4B-00C04F79EFBC}") = "TwValidationCsharp.Test", "TwValidationCsharp.Test\TwValidationCsharp.Test.csproj", "{94682EE0-2B55-48D1-9BBB-22595B33174C}"
EndProject
Global
	GlobalSection(SolutionConfigurationPlatforms) = preSolution
		Debug|Any CPU = Debug|Any CPU
		Release|Any CPU = Release|Any CPU
	EndGlobalSection
	GlobalSection(ProjectConfigurationPlatforms) = postSolution
		{80BF687A-76E4-418A-8579-B2B0E74C1C5D}.Debug|Any CPU.ActiveCfg = Debug|Any CPU
		{80BF687A-76E4-418A-8579-B2B0E74C1C5D}.Debug|Any CPU.Build.0 = Debug|Any CPU
		{80BF687A-76E4-418A-8579-B2B0E74C1C5D}.Release|Any CPU.ActiveCfg = Release|Any CPU
		{80BF687A-76E4-418A-8579-B2B0E74C1C5D}.Release|Any CPU.Build.0 = Release|Any CPU
		{94682EE0-2B55-48D1-9BBB-22595B33174C}.Debug|Any CPU.ActiveCfg = Debug|Any CPU
		{94682EE0-2B55-48D1-9BBB-22595B33174C}.Debug|Any CPU.Build.0 = Debug|Any CPU
		{94682EE0-2B55-48D1-9BBB-22595B33174C}.Release|Any CPU.ActiveCfg = Release|Any CPU
		{94682EE0-2B55-48D1-9BBB-22595B33174C}.Release|Any CPU.Build.0 = Release|Any CPU
	EndGlobalSection
	GlobalSection(SolutionProperties) = preSolution
		HideSolutionNode = FALSE
	EndGlobalSection
	GlobalSection(ExtensibilityGlobals) = postSolution
		SolutionGuid = {9D37E560-0725-4DE1-9584-6F681B94A7E1}
	EndGlobalSection
EndGlobal
